
Microsoft Visual Studio Solution File, Format Version 12.00
# Visual Studio Version 16
VisualStudioVersion = 16.0.29215.179
MinimumVisualStudioVersion = 10.0.40219.1
Project("{FAE04EC0-301F-11D3-BF4B-00C04F79EFBC}") = "MainView", "MainView\MainView.csproj", "{695232AD-0570-4230-82B3-7DC80153EE81}"
EndProject
Global
	GlobalSection(SolutionConfigurationPlatforms) = preSolution
		Debug|Any CPU = Debug|Any CPU
		Release|Any CPU = Release|Any CPU
	EndGlobalSection
	GlobalSection(ProjectConfigurationPlatforms) = postSolution
		{695232AD-0570-4230-82B3-7DC80153EE81}.Debug|Any CPU.ActiveCfg = Debug|Any CPU
		{695232AD-0570-4230-82B3-7DC80153EE81}.Debug|Any CPU.Build.0 = Debug|Any CPU
		{695232AD-0570-4230-82B3-7DC80153EE81}.Release|Any CPU.ActiveCfg = Release|Any CPU
		{695232AD-0570-4230-82B3-7DC80153EE81}.Release|Any CPU.Build.0 = Release|Any CPU
	EndGlobalSection
	GlobalSection(SolutionProperties) = preSolution
		HideSolutionNode = FALSE
	EndGlobalSection
	GlobalSection(ExtensibilityGlobals) = postSolution
		SolutionGuid = {DC9E44CE-11B6-4560-832F-06B7E5C756C1}
	EndGlobalSection
EndGlobal
